{
  "pins" : [
    {
      "identity" : "sdwebimage",
      "kind" : "remoteSourceControl",
      "location" : "https://github.com/SDWebImage/SDWebImage.git",
      "state" : {
        "revision" : "318cca556b0489aede0cd98d8d0c7f1408ab7bd6",
        "version" : "5.13.5"
      }
    },
    {
      "identity" : "sdwebimagesvgcoder",
      "kind" : "remoteSourceControl",
      "location" : "https://github.com/SDWebImage/SDWebImageSVGCoder.git",
      "state" : {
        "branch" : "master",
        "revision" : "4e8e17925ed0c6f160c0d4c4ce58d5dfbcd26093"
      }
    }
  ],
  "version" : 2
}
